
Microsoft Visual Studio Solution File, Format Version 12.00
# Visual Studio Version 17
VisualStudioVersion = 17.1.32414.318
MinimumVisualStudioVersion = 10.0.40219.1
Project("{FAE04EC0-301F-11D3-BF4B-00C04F79EFBC}") = "NewStringConsoleApp", "NewStringConsoleApp\NewStringConsoleApp.csproj", "{C22081BD-1282-4730-9D4A-EFE9423FAB68}"
EndProject
Project("{FAE04EC0-301F-11D3-BF4B-00C04F79EFBC}") = "DigitNumberConsoleApp", "DigitNumberConsoleApp\DigitNumberConsoleApp.csproj", "{7FA57D49-212F-4106-8C25-961D9E723AA5}"
EndProject
Project("{FAE04EC0-301F-11D3-BF4B-00C04F79EFBC}") = "TaskAsyncConsoleApp", "TaskAsyncConsoleApp\TaskAsyncConsoleApp.csproj", "{E511102D-D5E7-40CC-9758-3857EDA7551C}"
EndProject
Project("{FAE04EC0-301F-11D3-BF4B-00C04F79EFBC}") = "FileWriterConsoleApp", "FileWriterConsoleApp\FileWriterConsoleApp.csproj", "{2283599F-307B-4FE2-809A-84F6BD3BE5EF}"
EndProject
Global
	GlobalSection(SolutionConfigurationPlatforms) = preSolution
		Debug|Any CPU = Debug|Any CPU
		Release|Any CPU = Release|Any CPU
	EndGlobalSection
	GlobalSection(ProjectConfigurationPlatforms) = postSolution
		{C22081BD-1282-4730-9D4A-EFE9423FAB68}.Debug|Any CPU.ActiveCfg = Debug|Any CPU
		{C22081BD-1282-4730-9D4A-EFE9423FAB68}.Debug|Any CPU.Build.0 = Debug|Any CPU
		{C22081BD-1282-4730-9D4A-EFE9423FAB68}.Release|Any CPU.ActiveCfg = Release|Any CPU
		{C22081BD-1282-4730-9D4A-EFE9423FAB68}.Release|Any CPU.Build.0 = Release|Any CPU
		{7FA57D49-212F-4106-8C25-961D9E723AA5}.Debug|Any CPU.ActiveCfg = Debug|Any CPU
		{7FA57D49-212F-4106-8C25-961D9E723AA5}.Debug|Any CPU.Build.0 = Debug|Any CPU
		{7FA57D49-212F-4106-8C25-961D9E723AA5}.Release|Any CPU.ActiveCfg = Release|Any CPU
		{7FA57D49-212F-4106-8C25-961D9E723AA5}.Release|Any CPU.Build.0 = Release|Any CPU
		{E511102D-D5E7-40CC-9758-3857EDA7551C}.Debug|Any CPU.ActiveCfg = Debug|Any CPU
		{E511102D-D5E7-40CC-9758-3857EDA7551C}.Debug|Any CPU.Build.0 = Debug|Any CPU
		{E511102D-D5E7-40CC-9758-3857EDA7551C}.Release|Any CPU.ActiveCfg = Release|Any CPU
		{E511102D-D5E7-40CC-9758-3857EDA7551C}.Release|Any CPU.Build.0 = Release|Any CPU
		{2283599F-307B-4FE2-809A-84F6BD3BE5EF}.Debug|Any CPU.ActiveCfg = Debug|Any CPU
		{2283599F-307B-4FE2-809A-84F6BD3BE5EF}.Debug|Any CPU.Build.0 = Debug|Any CPU
		{2283599F-307B-4FE2-809A-84F6BD3BE5EF}.Release|Any CPU.ActiveCfg = Release|Any CPU
		{2283599F-307B-4FE2-809A-84F6BD3BE5EF}.Release|Any CPU.Build.0 = Release|Any CPU
	EndGlobalSection
	GlobalSection(SolutionProperties) = preSolution
		HideSolutionNode = FALSE
	EndGlobalSection
	GlobalSection(ExtensibilityGlobals) = postSolution
		SolutionGuid = {35DC22F7-8F15-4AF0-BCEA-BA4D5EA7DC69}
	EndGlobalSection
EndGlobal
